
Microsoft Visual Studio Solution File, Format Version 12.00
# Visual Studio Version 16
VisualStudioVersion = 16.0.32228.343
MinimumVisualStudioVersion = 10.0.40219.1
Project("{9A19103F-16F7-4668-BE54-9A1E7A4F7556}") = "Airports-Project-Final", "Airports-Project-Final\Airports-Project-Final.csproj", "{C4FF6616-ED0D-4AA7-B853-DDB9A1DD0D54}"
EndProject
Project("{FAE04EC0-301F-11D3-BF4B-00C04F79EFBC}") = "Airports-Project-Final-Tests", "Airports-Project-Final-Tests\Airports-Project-Final-Tests.csproj", "{D4446BF8-1808-49CD-98DA-D7C0A4B1AE02}"
EndProject
Global
	GlobalSection(SolutionConfigurationPlatforms) = preSolution
		Debug|Any CPU = Debug|Any CPU
		Release|Any CPU = Release|Any CPU
	EndGlobalSection
	GlobalSection(ProjectConfigurationPlatforms) = postSolution
		{C4FF6616-ED0D-4AA7-B853-DDB9A1DD0D54}.Debug|Any CPU.ActiveCfg = Debug|Any CPU
		{C4FF6616-ED0D-4AA7-B853-DDB9A1DD0D54}.Debug|Any CPU.Build.0 = Debug|Any CPU
		{C4FF6616-ED0D-4AA7-B853-DDB9A1DD0D54}.Release|Any CPU.ActiveCfg = Release|Any CPU
		{C4FF6616-ED0D-4AA7-B853-DDB9A1DD0D54}.Release|Any CPU.Build.0 = Release|Any CPU
		{D4446BF8-1808-49CD-98DA-D7C0A4B1AE02}.Debug|Any CPU.ActiveCfg = Debug|Any CPU
		{D4446BF8-1808-49CD-98DA-D7C0A4B1AE02}.Debug|Any CPU.Build.0 = Debug|Any CPU
		{D4446BF8-1808-49CD-98DA-D7C0A4B1AE02}.Release|Any CPU.ActiveCfg = Release|Any CPU
		{D4446BF8-1808-49CD-98DA-D7C0A4B1AE02}.Release|Any CPU.Build.0 = Release|Any CPU
	EndGlobalSection
	GlobalSection(SolutionProperties) = preSolution
		HideSolutionNode = FALSE
	EndGlobalSection
	GlobalSection(ExtensibilityGlobals) = postSolution
		SolutionGuid = {33255C2E-B575-4B00-B2EF-BC7F0BA12F78}
	EndGlobalSection
EndGlobal
