
Microsoft Visual Studio Solution File, Format Version 12.00
# Visual Studio Version 16
VisualStudioVersion = 16.0.32413.511
MinimumVisualStudioVersion = 10.0.40219.1
Project("{FAE04EC0-301F-11D3-BF4B-00C04F79EFBC}") = "OnlineStore.MVC", "OnlineStore.MVC\OnlineStore.MVC.csproj", "{054C4187-3BA5-4093-B040-4ED51F97E0DF}"
EndProject
Project("{FAE04EC0-301F-11D3-BF4B-00C04F79EFBC}") = "OnlineStore.DB", "OnlineStore.DB\OnlineStore.DB.csproj", "{165CFF6C-52B5-4FE1-906A-68A3553D4386}"
EndProject
Global
	GlobalSection(SolutionConfigurationPlatforms) = preSolution
		Debug|Any CPU = Debug|Any CPU
		Release|Any CPU = Release|Any CPU
	EndGlobalSection
	GlobalSection(ProjectConfigurationPlatforms) = postSolution
		{054C4187-3BA5-4093-B040-4ED51F97E0DF}.Debug|Any CPU.ActiveCfg = Debug|Any CPU
		{054C4187-3BA5-4093-B040-4ED51F97E0DF}.Debug|Any CPU.Build.0 = Debug|Any CPU
		{054C4187-3BA5-4093-B040-4ED51F97E0DF}.Release|Any CPU.ActiveCfg = Release|Any CPU
		{054C4187-3BA5-4093-B040-4ED51F97E0DF}.Release|Any CPU.Build.0 = Release|Any CPU
		{165CFF6C-52B5-4FE1-906A-68A3553D4386}.Debug|Any CPU.ActiveCfg = Debug|Any CPU
		{165CFF6C-52B5-4FE1-906A-68A3553D4386}.Debug|Any CPU.Build.0 = Debug|Any CPU
		{165CFF6C-52B5-4FE1-906A-68A3553D4386}.Release|Any CPU.ActiveCfg = Release|Any CPU
		{165CFF6C-52B5-4FE1-906A-68A3553D4386}.Release|Any CPU.Build.0 = Release|Any CPU
	EndGlobalSection
	GlobalSection(SolutionProperties) = preSolution
		HideSolutionNode = FALSE
	EndGlobalSection
	GlobalSection(ExtensibilityGlobals) = postSolution
		SolutionGuid = {68542A8A-9CEA-4515-A698-E5F2EFC61554}
	EndGlobalSection
EndGlobal
